// !$*UTF8*$!
{
	archiveVersion = 1;
	classes = {
	};
	objectVersion = 46;
	objects = {

/* Begin PBXBuildFile section */
		870D551C1BEE10C700406CC2 /* main.m in Sources */ = {isa = PBXBuildFile; fileRef = 870D551B1BEE10C700406CC2 /* main.m */; };
		870D551F1BEE10C800406CC2 /* AppDelegate.m in Sources */ = {isa = PBXBuildFile; fileRef = 870D551E1BEE10C800406CC2 /* AppDelegate.m */; };
		870D55221BEE10C800406CC2 /* ViewController.m in Sources */ = {isa = PBXBuildFile; fileRef = 870D55211BEE10C800406CC2 /* ViewController.m */; };
		870D55251BEE10C800406CC2 /* Main.storyboard in Resources */ = {isa = PBXBuildFile; fileRef = 870D55231BEE10C800406CC2 /* Main.storyboard */; };
		870D55271BEE10C800406CC2 /* Assets.xcassets in Resources */ = {isa = PBXBuildFile; fileRef = 870D55261BEE10C800406CC2 /* Assets.xcassets */; };
		870D552A1BEE10C800406CC2 /* LaunchScreen.storyboard in Resources */ = {isa = PBXBuildFile; fileRef = 870D55281BEE10C800406CC2 /* LaunchScreen.storyboard */; };
		870D55351BEE10C800406CC2 /* PlayerButtonDemoTests.m in Sources */ = {isa = PBXBuildFile; fileRef = 870D55341BEE10C800406CC2 /* PlayerButtonDemoTests.m */; };
		870D55401BEE10C800406CC2 /* PlayerButtonDemoUITests.m in Sources */ = {isa = PBXBuildFile; fileRef = 870D553F1BEE10C800406CC2 /* PlayerButtonDemoUITests.m */; };
		870D554F1BEE10FD00406CC2 /* ZPPlayButton.m in Sources */ = {isa = PBXBuildFile; fileRef = 870D554E1BEE10FD00406CC2 /* ZPPlayButton.m */; };
/* End PBXBuildFile section */

/* Begin PBXContainerItemProxy section */
		870D55311BEE10C800406CC2 /* PBXContainerItemProxy */ = {
			isa = PBXContainerItemProxy;
			containerPortal = 870D550F1BEE10C700406CC2 /* Project object */;
			proxyType = 1;
			remoteGlobalIDString = 870D55161BEE10C700406CC2;
			remoteInfo = PlayerButtonDemo;
		};
		870D553C1BEE10C800406CC2 /* PBXContainerItemProxy */ = {
			isa = PBXContainerItemProxy;
			containerPortal = 870D550F1BEE10C700406CC2 /* Project object */;
			proxyType = 1;
			remoteGlobalIDString = 870D55161BEE10C700406CC2;
			remoteInfo = PlayerButtonDemo;
		};
/* End PBXContainerItemProxy section */

/* Begin PBXFileReference section */
		870D55171BEE10C700406CC2 /* PlayerButtonDemo.app */ = {isa = PBXFileReference; explicitFileType = wrapper.application; includeInIndex = 0; path = PlayerButtonDemo.app; sourceTree = BUILT_PRODUCTS_DIR; };
		870D551B1BEE10C700406CC2 /* main.m */ = {isa = PBXFileReference; lastKnownFileType = sourcecode.c.objc; path = main.m; sourceTree = "<group>"; };
		870D551D1BEE10C700406CC2 /* AppDelegate.h */ = {isa = PBXFileReference; lastKnownFileType = sourcecode.c.h; path = AppDelegate.h; sourceTree = "<group>"; };
		870D551E1BEE10C800406CC2 /* AppDelegate.m */ = {isa = PBXFileReference; lastKnownFileType = sourcecode.c.objc; path = AppDelegate.m; sourceTree = "<group>"; };
		870D55201BEE10C800406CC2 /* ViewController.h */ = {isa = PBXFileReference; lastKnownFileType = sourcecode.c.h; path = ViewController.h; sourceTree = "<group>"; };
		870D55211BEE10C800406CC2 /* ViewController.m */ = {isa = PBXFileReference; lastKnownFileType = sourcecode.c.objc; path = ViewController.m; sourceTree = "<group>"; };
		870D55241BEE10C800406CC2 /* Base */ = {isa = PBXFileReference; lastKnownFileType = file.storyboard; name = Base; path = Base.lproj/Main.storyboard; sourceTree = "<group>"; };
		870D55261BEE10C800406CC2 /* Assets.xcassets */ = {isa = PBXFileReference; lastKnownFileType = folder.assetcatalog; path = Assets.xcassets; sourceTree = "<group>"; };
		870D55291BEE10C800406CC2 /* Base */ = {isa = PBXFileReference; lastKnownFileType = file.storyboard; name = Base; path = Base.lproj/LaunchScreen.storyboard; sourceTree = "<group>"; };
		870D552B1BEE10C800406CC2 /* Info.plist */ = {isa = PBXFileReference; lastKnownFileType = text.plist.xml; path = Info.plist; sourceTree = "<group>"; };
		870D55301BEE10C800406CC2 /* PlayerButtonDemoTests.xctest */ = {isa = PBXFileReference; explicitFileType = wrapper.cfbundle; includeInIndex = 0; path = PlayerButtonDemoTests.xctest; sourceTree = BUILT_PRODUCTS_DIR; };
		870D55341BEE10C800406CC2 /* PlayerButtonDemoTests.m */ = {isa = PBXFileReference; lastKnownFileType = sourcecode.c.objc; path = PlayerButtonDemoTests.m; sourceTree = "<group>"; };
		870D55361BEE10C800406CC2 /* Info.plist */ = {isa = PBXFileReference; lastKnownFileType = text.plist.xml; path = Info.plist; sourceTree = "<group>"; };
		870D553B1BEE10C800406CC2 /* PlayerButtonDemoUITests.xctest */ = {isa = PBXFileReference; explicitFileType = wrapper.cfbundle; includeInIndex = 0; path = PlayerButtonDemoUITests.xctest; sourceTree = BUILT_PRODUCTS_DIR; };
		870D553F1BEE10C800406CC2 /* PlayerButtonDemoUITests.m */ = {isa = PBXFileReference; lastKnownFileType = sourcecode.c.objc; path = PlayerButtonDemoUITests.m; sourceTree = "<group>"; };
		870D55411BEE10C800406CC2 /* Info.plist */ = {isa = PBXFileReference; lastKnownFileType = text.plist.xml; path = Info.plist; sourceTree = "<group>"; };
		870D554D1BEE10FD00406CC2 /* ZPPlayButton.h */ = {isa = PBXFileReference; fileEncoding = 4; lastKnownFileType = sourcecode.c.h; path = ZPPlayButton.h; sourceTree = "<group>"; };
		870D554E1BEE10FD00406CC2 /* ZPPlayButton.m */ = {isa = PBXFileReference; fileEncoding = 4; lastKnownFileType = sourcecode.c.objc; path = ZPPlayButton.m; sourceTree = "<group>"; };
/* End PBXFileReference section */

/* Begin PBXFrameworksBuildPhase section */
		870D55141BEE10C700406CC2 /* Frameworks */ = {
			isa = PBXFrameworksBuildPhase;
			buildActionMask = 2147483647;
			files = (
			);
			runOnlyForDeploymentPostprocessing = 0;
		};
		870D552D1BEE10C800406CC2 /* Frameworks */ = {
			isa = PBXFrameworksBuildPhase;
			buildActionMask = 2147483647;
			files = (
			);
			runOnlyForDeploymentPostprocessing = 0;
		};
		870D55381BEE10C800406CC2 /* Frameworks */ = {
			isa = PBXFrameworksBuildPhase;
			buildActionMask = 2147483647;
			files = (
			);
			runOnlyForDeploymentPostprocessing = 0;
		};
/* End PBXFrameworksBuildPhase section */

/* Begin PBXGroup section */
		870D550E1BEE10C700406CC2 = {
			isa = PBXGroup;
			children = (
				870D55191BEE10C700406CC2 /* PlayerButtonDemo */,
				870D55331BEE10C800406CC2 /* PlayerButtonDemoTests */,
				870D553E1BEE10C800406CC2 /* PlayerButtonDemoUITests */,
				870D55181BEE10C700406CC2 /* Products */,
			);
			sourceTree = "<group>";
		};
		870D55181BEE10C700406CC2 /* Products */ = {
			isa = PBXGroup;
			children = (
				870D55171BEE10C700406CC2 /* PlayerButtonDemo.app */,
				870D55301BEE10C800406CC2 /* PlayerButtonDemoTests.xctest */,
				870D553B1BEE10C800406CC2 /* PlayerButtonDemoUITests.xctest */,
			);
			name = Products;
			sourceTree = "<group>";
		};
		870D55191BEE10C700406CC2 /* PlayerButtonDemo */ = {
			isa = PBXGroup;
			children = (
				870D554D1BEE10FD00406CC2 /* ZPPlayButton.h */,
				870D554E1BEE10FD00406CC2 /* ZPPlayButton.m */,
				870D551D1BEE10C700406CC2 /* AppDelegate.h */,
				870D551E1BEE10C800406CC2 /* AppDelegate.m */,
				870D55201BEE10C800406CC2 /* ViewController.h */,
				870D55211BEE10C800406CC2 /* ViewController.m */,
				870D55231BEE10C800406CC2 /* Main.storyboard */,
				870D55261BEE10C800406CC2 /* Assets.xcassets */,
				870D55281BEE10C800406CC2 /* LaunchScreen.storyboard */,
				870D552B1BEE10C800406CC2 /* Info.plist */,
				870D551A1BEE10C700406CC2 /* Supporting Files */,
			);
			path = PlayerButtonDemo;
			sourceTree = "<group>";
		};
		870D551A1BEE10C700406CC2 /* Supporting Files */ = {
			isa = PBXGroup;
			children = (
				870D551B1BEE10C700406CC2 /* main.m */,
			);
			name = "Supporting Files";
			sourceTree = "<group>";
		};
		870D55331BEE10C800406CC2 /* PlayerButtonDemoTests */ = {
			isa = PBXGroup;
			children = (
				870D55341BEE10C800406CC2 /* PlayerButtonDemoTests.m */,
				870D55361BEE10C800406CC2 /* Info.plist */,
			);
			path = PlayerButtonDemoTests;
			sourceTree = "<group>";
		};
		870D553E1BEE10C800406CC2 /* PlayerButtonDemoUITests */ = {
			isa = PBXGroup;
			children = (
				870D553F1BEE10C800406CC2 /* PlayerButtonDemoUITests.m */,
				870D55411BEE10C800406CC2 /* Info.plist */,
			);
			path = PlayerButtonDemoUITests;
			sourceTree = "<group>";
		};
/* End PBXGroup section */

/* Begin PBXNativeTarget section */
		870D55161BEE10C700406CC2 /* PlayerButtonDemo */ = {
			isa = PBXNativeTarget;
			buildConfigurationList = 870D55441BEE10C800406CC2 /* Build configuration list for PBXNativeTarget "PlayerButtonDemo" */;
			buildPhases = (
				870D55131BEE10C700406CC2 /* Sources */,
				870D55141BEE10C700406CC2 /* Frameworks */,
				870D55151BEE10C700406CC2 /* Resources */,
			);
			buildRules = (
			);
			dependencies = (
			);
			name = PlayerButtonDemo;
			productName = PlayerButtonDemo;
			productReference = 870D55171BEE10C700406CC2 /* PlayerButtonDemo.app */;
			productType = "com.apple.product-type.application";
		};
		870D552F1BEE10C800406CC2 /* PlayerButtonDemoTests */ = {
			isa = PBXNativeTarget;
			buildConfigurationList = 870D55471BEE10C800406CC2 /* Build configuration list for PBXNativeTarget "PlayerButtonDemoTests" */;
			buildPhases = (
				870D552C1BEE10C800406CC2 /* Sources */,
				870D552D1BEE10C800406CC2 /* Frameworks */,
				870D552E1BEE10C800406CC2 /* Resources */,
			);
			buildRules = (
			);
			dependencies = (
				870D55321BEE10C800406CC2 /* PBXTargetDependency */,
			);
			name = PlayerButtonDemoTests;
			productName = PlayerButtonDemoTests;
			productReference = 870D55301BEE10C800406CC2 /* PlayerButtonDemoTests.xctest */;
			productType = "com.apple.product-type.bundle.unit-test";
		};
		870D553A1BEE10C800406CC2 /* PlayerButtonDemoUITests */ = {
			isa = PBXNativeTarget;
			buildConfigurationList = 870D554A1BEE10C800406CC2 /* Build configuration list for PBXNativeTarget "PlayerButtonDemoUITests" */;
			buildPhases = (
				870D55371BEE10C800406CC2 /* Sources */,
				870D55381BEE10C800406CC2 /* Frameworks */,
				870D55391BEE10C800406CC2 /* Resources */,
			);
			buildRules = (
			);
			dependencies = (
				870D553D1BEE10C800406CC2 /* PBXTargetDependency */,
			);
			name = PlayerButtonDemoUITests;
			productName = PlayerButtonDemoUITests;
			productReference = 870D553B1BEE10C800406CC2 /* PlayerButtonDemoUITests.xctest */;
			productType = "com.apple.product-type.bundle.ui-testing";
		};
/* End PBXNativeTarget section */

/* Begin PBXProject section */
		870D550F1BEE10C700406CC2 /* Project object */ = {
			isa = PBXProject;
			attributes = {
				LastUpgradeCheck = 0710;
				ORGANIZATIONNAME = "陈浩";
				TargetAttributes = {
					870D55161BEE10C700406CC2 = {
						CreatedOnToolsVersion = 7.1;
					};
					870D552F1BEE10C800406CC2 = {
						CreatedOnToolsVersion = 7.1;
						TestTargetID = 870D55161BEE10C700406CC2;
					};
					870D553A1BEE10C800406CC2 = {
						CreatedOnToolsVersion = 7.1;
						TestTargetID = 870D55161BEE10C700406CC2;
					};
				};
			};
			buildConfigurationList = 870D55121BEE10C700406CC2 /* Build configuration list for PBXProject "PlayerButtonDemo" */;
			compatibilityVersion = "Xcode 3.2";
			developmentRegion = English;
			hasScannedForEncodings = 0;
			knownRegions = (
				en,
				Base,
			);
			mainGroup = 870D550E1BEE10C700406CC2;
			productRefGroup = 870D55181BEE10C700406CC2 /* Products */;
			projectDirPath = "";
			projectRoot = "";
			targets = (
				870D55161BEE10C700406CC2 /* PlayerButtonDemo */,
				870D552F1BEE10C800406CC2 /* PlayerButtonDemoTests */,
				870D553A1BEE10C800406CC2 /* PlayerButtonDemoUITests */,
			);
		};
/* End PBXProject section */

/* Begin PBXResourcesBuildPhase section */
		870D55151BEE10C700406CC2 /* Resources */ = {
			isa = PBXResourcesBuildPhase;
			buildActionMask = 2147483647;
			files = (
				870D552A1BEE10C800406CC2 /* LaunchScreen.storyboard in Resources */,
				870D55271BEE10C800406CC2 /* Assets.xcassets in Resources */,
				870D55251BEE10C800406CC2 /* Main.storyboard in Resources */,
			);
			runOnlyForDeploymentPostprocessing = 0;
		};
		870D552E1BEE10C800406CC2 /* Resources */ = {
			isa = PBXResourcesBuildPhase;
			buildActionMask = 2147483647;
			files = (
			);
			runOnlyForDeploymentPostprocessing = 0;
		};
		870D55391BEE10C800406CC2 /* Resources */ = {
			isa = PBXResourcesBuildPhase;
			buildActionMask = 2147483647;
			files = (
			);
			runOnlyForDeploymentPostprocessing = 0;
		};
/* End PBXResourcesBuildPhase section */

/* Begin PBXSourcesBuildPhase section */
		870D55131BEE10C700406CC2 /* Sources */ = {
			isa = PBXSourcesBuildPhase;
			buildActionMask = 2147483647;
			files = (
				870D55221BEE10C800406CC2 /* ViewController.m in Sources */,
				870D554F1BEE10FD00406CC2 /* ZPPlayButton.m in Sources */,
				870D551F1BEE10C800406CC2 /* AppDelegate.m in Sources */,
				870D551C1BEE10C700406CC2 /* main.m in Sources */,
			);
			runOnlyForDeploymentPostprocessing = 0;
		};
		870D552C1BEE10C800406CC2 /* Sources */ = {
			isa = PBXSourcesBuildPhase;
			buildActionMask = 2147483647;
			files = (
				870D55351BEE10C800406CC2 /* PlayerButtonDemoTests.m in Sources */,
			);
			runOnlyForDeploymentPostprocessing = 0;
		};
		870D55371BEE10C800406CC2 /* Sources */ = {
			isa = PBXSourcesBuildPhase;
			buildActionMask = 2147483647;
			files = (
				870D55401BEE10C800406CC2 /* PlayerButtonDemoUITests.m in Sources */,
			);
			runOnlyForDeploymentPostprocessing = 0;
		};
/* End PBXSourcesBuildPhase section */

/* Begin PBXTargetDependency section */
		870D55321BEE10C800406CC2 /* PBXTargetDependency */ = {
			isa = PBXTargetDependency;
			target = 870D55161BEE10C700406CC2 /* PlayerButtonDemo */;
			targetProxy = 870D55311BEE10C800406CC2 /* PBXContainerItemProxy */;
		};
		870D553D1BEE10C800406CC2 /* PBXTargetDependency */ = {
			isa = PBXTargetDependency;
			target = 870D55161BEE10C700406CC2 /* PlayerButtonDemo */;
			targetProxy = 870D553C1BEE10C800406CC2 /* PBXContainerItemProxy */;
		};
/* End PBXTargetDependency section */

/* Begin PBXVariantGroup section */
		870D55231BEE10C800406CC2 /* Main.storyboard */ = {
			isa = PBXVariantGroup;
			children = (
				870D55241BEE10C800406CC2 /* Base */,
			);
			name = Main.storyboard;
			sourceTree = "<group>";
		};
		870D55281BEE10C800406CC2 /* LaunchScreen.storyboard */ = {
			isa = PBXVariantGroup;
			children = (
				870D55291BEE10C800406CC2 /* Base */,
			);
			name = LaunchScreen.storyboard;
			sourceTree = "<group>";
		};
/* End PBXVariantGroup section */

/* Begin XCBuildConfiguration section */
		870D55421BEE10C800406CC2 /* Debug */ = {
			isa = XCBuildConfiguration;
			buildSettings = {
				ALWAYS_SEARCH_USER_PATHS = NO;
				CLANG_CXX_LANGUAGE_STANDARD = "gnu++0x";
				CLANG_CXX_LIBRARY = "libc++";
				CLANG_ENABLE_MODULES = YES;
				CLANG_ENABLE_OBJC_ARC = YES;
				CLANG_WARN_BOOL_CONVERSION = YES;
				CLANG_WARN_CONSTANT_CONVERSION = YES;
				CLANG_WARN_DIRECT_OBJC_ISA_USAGE = YES_ERROR;
				CLANG_WARN_EMPTY_BODY = YES;
				CLANG_WARN_ENUM_CONVERSION = YES;
				CLANG_WARN_INT_CONVERSION = YES;
				CLANG_WARN_OBJC_ROOT_CLASS = YES_ERROR;
				CLANG_WARN_UNREACHABLE_CODE = YES;
				CLANG_WARN__DUPLICATE_METHOD_MATCH = YES;
				"CODE_SIGN_IDENTITY[sdk=iphoneos*]" = "iPhone Developer";
				COPY_PHASE_STRIP = NO;
				DEBUG_INFORMATION_FORMAT = dwarf;
				ENABLE_STRICT_OBJC_MSGSEND = YES;
				ENABLE_TESTABILITY = YES;
				GCC_C_LANGUAGE_STANDARD = gnu99;
				GCC_DYNAMIC_NO_PIC = NO;
				GCC_NO_COMMON_BLOCKS = YES;
				GCC_OPTIMIZATION_LEVEL = 0;
				GCC_PREPROCESSOR_DEFINITIONS = (
					"DEBUG=1",
					"$(inherited)",
				);
				GCC_WARN_64_TO_32_BIT_CONVERSION = YES;
				GCC_WARN_ABOUT_RETURN_TYPE = YES_ERROR;
				GCC_WARN_UNDECLARED_SELECTOR = YES;
				GCC_WARN_UNINITIALIZED_AUTOS = YES_AGGRESSIVE;
				GCC_WARN_UNUSED_FUNCTION = YES;
				GCC_WARN_UNUSED_VARIABLE = YES;
				IPHONEOS_DEPLOYMENT_TARGET = 9.1;
				MTL_ENABLE_DEBUG_INFO = YES;
				ONLY_ACTIVE_ARCH = YES;
				SDKROOT = iphoneos;
			};
			name = Debug;
		};
		870D55431BEE10C800406CC2 /* Release */ = {
			isa = XCBuildConfiguration;
			buildSettings = {
				ALWAYS_SEARCH_USER_PATHS = NO;
				CLANG_CXX_LANGUAGE_STANDARD = "gnu++0x";
				CLANG_CXX_LIBRARY = "libc++";
				CLANG_ENABLE_MODULES = YES;
				CLANG_ENABLE_OBJC_ARC = YES;
				CLANG_WARN_BOOL_CONVERSION = YES;
				CLANG_WARN_CONSTANT_CONVERSION = YES;
				CLANG_WARN_DIRECT_OBJC_ISA_USAGE = YES_ERROR;
				CLANG_WARN_EMPTY_BODY = YES;
				CLANG_WARN_ENUM_CONVERSION = YES;
				CLANG_WARN_INT_CONVERSION = YES;
				CLANG_WARN_OBJC_ROOT_CLASS = YES_ERROR;
				CLANG_WARN_UNREACHABLE_CODE = YES;
				CLANG_WARN__DUPLICATE_METHOD_MATCH = YES;
				"CODE_SIGN_IDENTITY[sdk=iphoneos*]" = "iPhone Developer";
				COPY_PHASE_STRIP = NO;
				DEBUG_INFORMATION_FORMAT = "dwarf-with-dsym";
				ENABLE_NS_ASSERTIONS = NO;
				ENABLE_STRICT_OBJC_MSGSEND = YES;
				GCC_C_LANGUAGE_STANDARD = gnu99;
				GCC_NO_COMMON_BLOCKS = YES;
				GCC_WARN_64_TO_32_BIT_CONVERSION = YES;
				GCC_WARN_ABOUT_RETURN_TYPE = YES_ERROR;
				GCC_WARN_UNDECLARED_SELECTOR = YES;
				GCC_WARN_UNINITIALIZED_AUTOS = YES_AGGRESSIVE;
				GCC_WARN_UNUSED_FUNCTION = YES;
				GCC_WARN_UNUSED_VARIABLE = YES;
				IPHONEOS_DEPLOYMENT_TARGET = 9.1;
				MTL_ENABLE_DEBUG_INFO = NO;
				SDKROOT = iphoneos;
				VALIDATE_PRODUCT = YES;
			};
			name = Release;
		};
		870D55451BEE10C800406CC2 /* Debug */ = {
			isa = XCBuildConfiguration;
			buildSettings = {
				ASSETCATALOG_COMPILER_APPICON_NAME = AppIcon;
				INFOPLIST_FILE = PlayerButtonDemo/Info.plist;
				LD_RUNPATH_SEARCH_PATHS = "$(inherited) @executable_path/Frameworks";
				PRODUCT_BUNDLE_IDENTIFIER = com.hawk.PlayerButtonDemo;
				PRODUCT_NAME = "$(TARGET_NAME)";
			};
			name = Debug;
		};
		870D55461BEE10C800406CC2 /* Release */ = {
			isa = XCBuildConfiguration;
			buildSettings = {
				ASSETCATALOG_COMPILER_APPICON_NAME = AppIcon;
				INFOPLIST_FILE = PlayerButtonDemo/Info.plist;
				LD_RUNPATH_SEARCH_PATHS = "$(inherited) @executable_path/Frameworks";
				PRODUCT_BUNDLE_IDENTIFIER = com.hawk.PlayerButtonDemo;
				PRODUCT_NAME = "$(TARGET_NAME)";
			};
			name = Release;
		};
		870D55481BEE10C800406CC2 /* Debug */ = {
			isa = XCBuildConfiguration;
			buildSettings = {
				BUNDLE_LOADER = "$(TEST_HOST)";
				INFOPLIST_FILE = PlayerButtonDemoTests/Info.plist;
				LD_RUNPATH_SEARCH_PATHS = "$(inherited) @executable_path/Frameworks @loader_path/Frameworks";
				PRODUCT_BUNDLE_IDENTIFIER = com.hawk.PlayerButtonDemoTests;
				PRODUCT_NAME = "$(TARGET_NAME)";
				TEST_HOST = "$(BUILT_PRODUCTS_DIR)/PlayerButtonDemo.app/PlayerButtonDemo";
			};
			name = Debug;
		};
		870D55491BEE10C800406CC2 /* Release */ = {
			isa = XCBuildConfiguration;
			buildSettings = {
				BUNDLE_LOADER = "$(TEST_HOST)";
				INFOPLIST_FILE = PlayerButtonDemoTests/Info.plist;
				LD_RUNPATH_SEARCH_PATHS = "$(inherited) @executable_path/Frameworks @loader_path/Frameworks";
				PRODUCT_BUNDLE_IDENTIFIER = com.hawk.PlayerButtonDemoTests;
				PRODUCT_NAME = "$(TARGET_NAME)";
				TEST_HOST = "$(BUILT_PRODUCTS_DIR)/PlayerButtonDemo.app/PlayerButtonDemo";
			};
			name = Release;
		};
		870D554B1BEE10C800406CC2 /* Debug */ = {
			isa = XCBuildConfiguration;
			buildSettings = {
				INFOPLIST_FILE = PlayerButtonDemoUITests/Info.plist;
				LD_RUNPATH_SEARCH_PATHS = "$(inherited) @executable_path/Frameworks @loader_path/Frameworks";
				PRODUCT_BUNDLE_IDENTIFIER = com.hawk.PlayerButtonDemoUITests;
				PRODUCT_NAME = "$(TARGET_NAME)";
				TEST_TARGET_NAME = PlayerButtonDemo;
				USES_XCTRUNNER = YES;
			};
			name = Debug;
		};
		870D554C1BEE10C800406CC2 /* Release */ = {
			isa = XCBuildConfiguration;
			buildSettings = {
				INFOPLIST_FILE = PlayerButtonDemoUITests/Info.plist;
				LD_RUNPATH_SEARCH_PATHS = "$(inherited) @executable_path/Frameworks @loader_path/Frameworks";
				PRODUCT_BUNDLE_IDENTIFIER = com.hawk.PlayerButtonDemoUITests;
				PRODUCT_NAME = "$(TARGET_NAME)";
				TEST_TARGET_NAME = PlayerButtonDemo;
				USES_XCTRUNNER = YES;
			};
			name = Release;
		};
/* End XCBuildConfiguration section */

/* Begin XCConfigurationList section */
		870D55121BEE10C700406CC2 /* Build configuration list for PBXProject "PlayerButtonDemo" */ = {
			isa = XCConfigurationList;
			buildConfigurations = (
				870D55421BEE10C800406CC2 /* Debug */,
				870D55431BEE10C800406CC2 /* Release */,
			);
			defaultConfigurationIsVisible = 0;
			defaultConfigurationName = Release;
		};
		870D55441BEE10C800406CC2 /* Build configuration list for PBXNativeTarget "PlayerButtonDemo" */ = {
			isa = XCConfigurationList;
			buildConfigurations = (
				870D55451BEE10C800406CC2 /* Debug */,
				870D55461BEE10C800406CC2 /* Release */,
			);
			defaultConfigurationIsVisible = 0;
		};
		870D55471BEE10C800406CC2 /* Build configuration list for PBXNativeTarget "PlayerButtonDemoTests" */ = {
			isa = XCConfigurationList;
			buildConfigurations = (
				870D55481BEE10C800406CC2 /* Debug */,
				870D55491BEE10C800406CC2 /* Release */,
			);
			defaultConfigurationIsVisible = 0;
		};
		870D554A1BEE10C800406CC2 /* Build configuration list for PBXNativeTarget "PlayerButtonDemoUITests" */ = {
			isa = XCConfigurationList;
			buildConfigurations = (
				870D554B1BEE10C800406CC2 /* Debug */,
				870D554C1BEE10C800406CC2 /* Release */,
			);
			defaultConfigurationIsVisible = 0;
		};
/* End XCConfigurationList section */
	};
	rootObject = 870D550F1BEE10C700406CC2 /* Project object */;
}
